
Microsoft Visual Studio Solution File, Format Version 12.00
# Visual Studio 15
VisualStudioVersion = 15.0.26403.0
MinimumVisualStudioVersion = 10.0.40219.1
Project("{D954291E-2A0B-460D-934E-DC6B0785DB48}") = "Accordion", "Accordion\Accordion\Accordion.shproj", "{AA1CFE85-A6F8-48A8-A438-BD20007CD216}"
EndProject
Project("{FAE04EC0-301F-11D3-BF4B-00C04F79EFBC}") = "Accordion.Android", "Accordion\Accordion.Android\Accordion.Android.csproj", "{70D854DB-C9C1-47F0-9329-88C9A9D4CCD5}"
EndProject
Project("{FAE04EC0-301F-11D3-BF4B-00C04F79EFBC}") = "Accordion.iOS", "Accordion\Accordion.iOS\Accordion.iOS.csproj", "{58F5AA3F-D9C5-4684-87BC-BEEC97BAC438}"
EndProject
Global
	GlobalSection(SharedMSBuildProjectFiles) = preSolution
		Accordion\Accordion\Accordion.projitems*{58f5aa3f-d9c5-4684-87bc-beec97bac438}*SharedItemsImports = 4
		Accordion\Accordion\Accordion.projitems*{70d854db-c9c1-47f0-9329-88c9a9d4ccd5}*SharedItemsImports = 4
		Accordion\Accordion\Accordion.projitems*{aa1cfe85-a6f8-48a8-a438-bd20007cd216}*SharedItemsImports = 13
	EndGlobalSection
	GlobalSection(SolutionConfigurationPlatforms) = preSolution
		Ad-Hoc|Any CPU = Ad-Hoc|Any CPU
		Ad-Hoc|ARM = Ad-Hoc|ARM
		Ad-Hoc|iPhone = Ad-Hoc|iPhone
		Ad-Hoc|iPhoneSimulator = Ad-Hoc|iPhoneSimulator
		Ad-Hoc|x64 = Ad-Hoc|x64
		Ad-Hoc|x86 = Ad-Hoc|x86
		AppStore|Any CPU = AppStore|Any CPU
		AppStore|ARM = AppStore|ARM
		AppStore|iPhone = AppStore|iPhone
		AppStore|iPhoneSimulator = AppStore|iPhoneSimulator
		AppStore|x64 = AppStore|x64
		AppStore|x86 = AppStore|x86
		Debug|Any CPU = Debug|Any CPU
		Debug|ARM = Debug|ARM
		Debug|iPhone = Debug|iPhone
		Debug|iPhoneSimulator = Debug|iPhoneSimulator
		Debug|x64 = Debug|x64
		Debug|x86 = Debug|x86
		Release|Any CPU = Release|Any CPU
		Release|ARM = Release|ARM
		Release|iPhone = Release|iPhone
		Release|iPhoneSimulator = Release|iPhoneSimulator
		Release|x64 = Release|x64
		Release|x86 = Release|x86
	EndGlobalSection
	GlobalSection(ProjectConfigurationPlatforms) = postSolution
		{70D854DB-C9C1-47F0-9329-88C9A9D4CCD5}.Ad-Hoc|Any CPU.ActiveCfg = Release|Any CPU
		{70D854DB-C9C1-47F0-9329-88C9A9D4CCD5}.Ad-Hoc|Any CPU.Build.0 = Release|Any CPU
		{70D854DB-C9C1-47F0-9329-88C9A9D4CCD5}.Ad-Hoc|Any CPU.Deploy.0 = Release|Any CPU
		{70D854DB-C9C1-47F0-9329-88C9A9D4CCD5}.Ad-Hoc|ARM.ActiveCfg = Release|Any CPU
		{70D854DB-C9C1-47F0-9329-88C9A9D4CCD5}.Ad-Hoc|ARM.Build.0 = Release|Any CPU
		{70D854DB-C9C1-47F0-9329-88C9A9D4CCD5}.Ad-Hoc|ARM.Deploy.0 = Release|Any CPU
		{70D854DB-C9C1-47F0-9329-88C9A9D4CCD5}.Ad-Hoc|iPhone.ActiveCfg = Release|Any CPU
		{70D854DB-C9C1-47F0-9329-88C9A9D4CCD5}.Ad-Hoc|iPhone.Build.0 = Release|Any CPU
		{70D854DB-C9C1-47F0-9329-88C9A9D4CCD5}.Ad-Hoc|iPhone.Deploy.0 = Release|Any CPU
		{70D854DB-C9C1-47F0-9329-88C9A9D4CCD5}.Ad-Hoc|iPhoneSimulator.ActiveCfg = Release|Any CPU
		{70D854DB-C9C1-47F0-9329-88C9A9D4CCD5}.Ad-Hoc|iPhoneSimulator.Build.0 = Release|Any CPU
		{70D854DB-C9C1-47F0-9329-88C9A9D4CCD5}.Ad-Hoc|iPhoneSimulator.Deploy.0 = Release|Any CPU
		{70D854DB-C9C1-47F0-9329-88C9A9D4CCD5}.Ad-Hoc|x64.ActiveCfg = Release|Any CPU
		{70D854DB-C9C1-47F0-9329-88C9A9D4CCD5}.Ad-Hoc|x64.Build.0 = Release|Any CPU
		{70D854DB-C9C1-47F0-9329-88C9A9D4CCD5}.Ad-Hoc|x64.Deploy.0 = Release|Any CPU
		{70D854DB-C9C1-47F0-9329-88C9A9D4CCD5}.Ad-Hoc|x86.ActiveCfg = Release|Any CPU
		{70D854DB-C9C1-47F0-9329-88C9A9D4CCD5}.Ad-Hoc|x86.Build.0 = Release|Any CPU
		{70D854DB-C9C1-47F0-9329-88C9A9D4CCD5}.Ad-Hoc|x86.Deploy.0 = Release|Any CPU
		{70D854DB-C9C1-47F0-9329-88C9A9D4CCD5}.AppStore|Any CPU.ActiveCfg = Release|Any CPU
		{70D854DB-C9C1-47F0-9329-88C9A9D4CCD5}.AppStore|Any CPU.Build.0 = Release|Any CPU
		{70D854DB-C9C1-47F0-9329-88C9A9D4CCD5}.AppStore|Any CPU.Deploy.0 = Release|Any CPU
		{70D854DB-C9C1-47F0-9329-88C9A9D4CCD5}.AppStore|ARM.ActiveCfg = Release|Any CPU
		{70D854DB-C9C1-47F0-9329-88C9A9D4CCD5}.AppStore|ARM.Build.0 = Release|Any CPU
		{70D854DB-C9C1-47F0-9329-88C9A9D4CCD5}.AppStore|ARM.Deploy.0 = Release|Any CPU
		{70D854DB-C9C1-47F0-9329-88C9A9D4CCD5}.AppStore|iPhone.ActiveCfg = Release|Any CPU
		{70D854DB-C9C1-47F0-9329-88C9A9D4CCD5}.AppStore|iPhone.Build.0 = Release|Any CPU
		{70D854DB-C9C1-47F0-9329-88C9A9D4CCD5}.AppStore|iPhone.Deploy.0 = Release|Any CPU
		{70D854DB-C9C1-47F0-9329-88C9A9D4CCD5}.AppStore|iPhoneSimulator.ActiveCfg = Release|Any CPU
		{70D854DB-C9C1-47F0-9329-88C9A9D4CCD5}.AppStore|iPhoneSimulator.Build.0 = Release|Any CPU
		{70D854DB-C9C1-47F0-9329-88C9A9D4CCD5}.AppStore|iPhoneSimulator.Deploy.0 = Release|Any CPU
		{70D854DB-C9C1-47F0-9329-88C9A9D4CCD5}.AppStore|x64.ActiveCfg = Release|Any CPU
		{70D854DB-C9C1-47F0-9329-88C9A9D4CCD5}.AppStore|x64.Build.0 = Release|Any CPU
		{70D854DB-C9C1-47F0-9329-88C9A9D4CCD5}.AppStore|x64.Deploy.0 = Release|Any CPU
		{70D854DB-C9C1-47F0-9329-88C9A9D4CCD5}.AppStore|x86.ActiveCfg = Release|Any CPU
		{70D854DB-C9C1-47F0-9329-88C9A9D4CCD5}.AppStore|x86.Build.0 = Release|Any CPU
		{70D854DB-C9C1-47F0-9329-88C9A9D4CCD5}.AppStore|x86.Deploy.0 = Release|Any CPU
		{70D854DB-C9C1-47F0-9329-88C9A9D4CCD5}.Debug|Any CPU.ActiveCfg = Debug|Any CPU
		{70D854DB-C9C1-47F0-9329-88C9A9D4CCD5}.Debug|Any CPU.Build.0 = Debug|Any CPU
		{70D854DB-C9C1-47F0-9329-88C9A9D4CCD5}.Debug|Any CPU.Deploy.0 = Debug|Any CPU
		{70D854DB-C9C1-47F0-9329-88C9A9D4CCD5}.Debug|ARM.ActiveCfg = Debug|Any CPU
		{70D854DB-C9C1-47F0-9329-88C9A9D4CCD5}.Debug|ARM.Build.0 = Debug|Any CPU
		{70D854DB-C9C1-47F0-9329-88C9A9D4CCD5}.Debug|ARM.Deploy.0 = Debug|Any CPU
		{70D854DB-C9C1-47F0-9329-88C9A9D4CCD5}.Debug|iPhone.ActiveCfg = Debug|Any CPU
		{70D854DB-C9C1-47F0-9329-88C9A9D4CCD5}.Debug|iPhone.Build.0 = Debug|Any CPU
		{70D854DB-C9C1-47F0-9329-88C9A9D4CCD5}.Debug|iPhone.Deploy.0 = Debug|Any CPU
		{70D854DB-C9C1-47F0-9329-88C9A9D4CCD5}.Debug|iPhoneSimulator.ActiveCfg = Debug|Any CPU
		{70D854DB-C9C1-47F0-9329-88C9A9D4CCD5}.Debug|iPhoneSimulator.Build.0 = Debug|Any CPU
		{70D854DB-C9C1-47F0-9329-88C9A9D4CCD5}.Debug|iPhoneSimulator.Deploy.0 = Debug|Any CPU
		{70D854DB-C9C1-47F0-9329-88C9A9D4CCD5}.Debug|x64.ActiveCfg = Debug|Any CPU
		{70D854DB-C9C1-47F0-9329-88C9A9D4CCD5}.Debug|x64.Build.0 = Debug|Any CPU
		{70D854DB-C9C1-47F0-9329-88C9A9D4CCD5}.Debug|x64.Deploy.0 = Debug|Any CPU
		{70D854DB-C9C1-47F0-9329-88C9A9D4CCD5}.Debug|x86.ActiveCfg = Debug|Any CPU
		{70D854DB-C9C1-47F0-9329-88C9A9D4CCD5}.Debug|x86.Build.0 = Debug|Any CPU
		{70D854DB-C9C1-47F0-9329-88C9A9D4CCD5}.Debug|x86.Deploy.0 = Debug|Any CPU
		{70D854DB-C9C1-47F0-9329-88C9A9D4CCD5}.Release|Any CPU.ActiveCfg = Release|Any CPU
		{70D854DB-C9C1-47F0-9329-88C9A9D4CCD5}.Release|Any CPU.Build.0 = Release|Any CPU
		{70D854DB-C9C1-47F0-9329-88C9A9D4CCD5}.Release|Any CPU.Deploy.0 = Release|Any CPU
		{70D854DB-C9C1-47F0-9329-88C9A9D4CCD5}.Release|ARM.ActiveCfg = Release|Any CPU
		{70D854DB-C9C1-47F0-9329-88C9A9D4CCD5}.Release|ARM.Build.0 = Release|Any CPU
		{70D854DB-C9C1-47F0-9329-88C9A9D4CCD5}.Release|ARM.Deploy.0 = Release|Any CPU
		{70D854DB-C9C1-47F0-9329-88C9A9D4CCD5}.Release|iPhone.ActiveCfg = Release|Any CPU
		{70D854DB-C9C1-47F0-9329-88C9A9D4CCD5}.Release|iPhone.Build.0 = Release|Any CPU
		{70D854DB-C9C1-47F0-9329-88C9A9D4CCD5}.Release|iPhone.Deploy.0 = Release|Any CPU
		{70D854DB-C9C1-47F0-9329-88C9A9D4CCD5}.Release|iPhoneSimulator.ActiveCfg = Release|Any CPU
		{70D854DB-C9C1-47F0-9329-88C9A9D4CCD5}.Release|iPhoneSimulator.Build.0 = Release|Any CPU
		{70D854DB-C9C1-47F0-9329-88C9A9D4CCD5}.Release|iPhoneSimulator.Deploy.0 = Release|Any CPU
		{70D854DB-C9C1-47F0-9329-88C9A9D4CCD5}.Release|x64.ActiveCfg = Release|Any CPU
		{70D854DB-C9C1-47F0-9329-88C9A9D4CCD5}.Release|x64.Build.0 = Release|Any CPU
		{70D854DB-C9C1-47F0-9329-88C9A9D4CCD5}.Release|x64.Deploy.0 = Release|Any CPU
		{70D854DB-C9C1-47F0-9329-88C9A9D4CCD5}.Release|x86.ActiveCfg = Release|Any CPU
		{70D854DB-C9C1-47F0-9329-88C9A9D4CCD5}.Release|x86.Build.0 = Release|Any CPU
		{70D854DB-C9C1-47F0-9329-88C9A9D4CCD5}.Release|x86.Deploy.0 = Release|Any CPU
		{58F5AA3F-D9C5-4684-87BC-BEEC97BAC438}.Ad-Hoc|Any CPU.ActiveCfg = Ad-Hoc|iPhone
		{58F5AA3F-D9C5-4684-87BC-BEEC97BAC438}.Ad-Hoc|ARM.ActiveCfg = Ad-Hoc|iPhone
		{58F5AA3F-D9C5-4684-87BC-BEEC97BAC438}.Ad-Hoc|iPhone.ActiveCfg = Ad-Hoc|iPhone
		{58F5AA3F-D9C5-4684-87BC-BEEC97BAC438}.Ad-Hoc|iPhone.Build.0 = Ad-Hoc|iPhone
		{58F5AA3F-D9C5-4684-87BC-BEEC97BAC438}.Ad-Hoc|iPhoneSimulator.ActiveCfg = Ad-Hoc|iPhoneSimulator
		{58F5AA3F-D9C5-4684-87BC-BEEC97BAC438}.Ad-Hoc|iPhoneSimulator.Build.0 = Ad-Hoc|iPhoneSimulator
		{58F5AA3F-D9C5-4684-87BC-BEEC97BAC438}.Ad-Hoc|x64.ActiveCfg = Ad-Hoc|iPhone
		{58F5AA3F-D9C5-4684-87BC-BEEC97BAC438}.Ad-Hoc|x86.ActiveCfg = Ad-Hoc|iPhone
		{58F5AA3F-D9C5-4684-87BC-BEEC97BAC438}.AppStore|Any CPU.ActiveCfg = AppStore|iPhone
		{58F5AA3F-D9C5-4684-87BC-BEEC97BAC438}.AppStore|ARM.ActiveCfg = AppStore|iPhone
		{58F5AA3F-D9C5-4684-87BC-BEEC97BAC438}.AppStore|iPhone.ActiveCfg = AppStore|iPhone
		{58F5AA3F-D9C5-4684-87BC-BEEC97BAC438}.AppStore|iPhone.Build.0 = AppStore|iPhone
		{58F5AA3F-D9C5-4684-87BC-BEEC97BAC438}.AppStore|iPhoneSimulator.ActiveCfg = AppStore|iPhoneSimulator
		{58F5AA3F-D9C5-4684-87BC-BEEC97BAC438}.AppStore|iPhoneSimulator.Build.0 = AppStore|iPhoneSimulator
		{58F5AA3F-D9C5-4684-87BC-BEEC97BAC438}.AppStore|x64.ActiveCfg = AppStore|iPhone
		{58F5AA3F-D9C5-4684-87BC-BEEC97BAC438}.AppStore|x86.ActiveCfg = AppStore|iPhone
		{58F5AA3F-D9C5-4684-87BC-BEEC97BAC438}.Debug|Any CPU.ActiveCfg = Debug|iPhone
		{58F5AA3F-D9C5-4684-87BC-BEEC97BAC438}.Debug|ARM.ActiveCfg = Debug|iPhone
		{58F5AA3F-D9C5-4684-87BC-BEEC97BAC438}.Debug|iPhone.ActiveCfg = Debug|iPhone
		{58F5AA3F-D9C5-4684-87BC-BEEC97BAC438}.Debug|iPhone.Build.0 = Debug|iPhone
		{58F5AA3F-D9C5-4684-87BC-BEEC97BAC438}.Debug|iPhoneSimulator.ActiveCfg = Debug|iPhoneSimulator
		{58F5AA3F-D9C5-4684-87BC-BEEC97BAC438}.Debug|iPhoneSimulator.Build.0 = Debug|iPhoneSimulator
		{58F5AA3F-D9C5-4684-87BC-BEEC97BAC438}.Debug|x64.ActiveCfg = Debug|iPhone
		{58F5AA3F-D9C5-4684-87BC-BEEC97BAC438}.Debug|x86.ActiveCfg = Debug|iPhone
		{58F5AA3F-D9C5-4684-87BC-BEEC97BAC438}.Release|Any CPU.ActiveCfg = Release|iPhone
		{58F5AA3F-D9C5-4684-87BC-BEEC97BAC438}.Release|ARM.ActiveCfg = Release|iPhone
		{58F5AA3F-D9C5-4684-87BC-BEEC97BAC438}.Release|iPhone.ActiveCfg = Release|iPhone
		{58F5AA3F-D9C5-4684-87BC-BEEC97BAC438}.Release|iPhone.Build.0 = Release|iPhone
		{58F5AA3F-D9C5-4684-87BC-BEEC97BAC438}.Release|iPhoneSimulator.ActiveCfg = Release|iPhoneSimulator
		{58F5AA3F-D9C5-4684-87BC-BEEC97BAC438}.Release|iPhoneSimulator.Build.0 = Release|iPhoneSimulator
		{58F5AA3F-D9C5-4684-87BC-BEEC97BAC438}.Release|x64.ActiveCfg = Release|iPhone
		{58F5AA3F-D9C5-4684-87BC-BEEC97BAC438}.Release|x86.ActiveCfg = Release|iPhone
	EndGlobalSection
	GlobalSection(SolutionProperties) = preSolution
		HideSolutionNode = FALSE
	EndGlobalSection
EndGlobal
